
Microsoft Visual Studio Solution File, Format Version 12.00
# Visual Studio 2013
VisualStudioVersion = 12.0.21005.1
MinimumVisualStudioVersion = 10.0.40219.1
Project("{2150E333-8FDC-42A3-9474-1A3956D46DE8}") = "Common", "Common", "{293E145C-9E83-465B-91C1-C50E19EE101E}"
EndProject
Project("{FAE04EC0-301F-11D3-BF4B-00C04F79EFBC}") = "GTJA.Common.Core", "GTJA.Common.Core\GTJA.Common.Core.csproj", "{8B85AFB2-AC1E-4ABF-BCF6-D6A57987D374}"
EndProject
Project("{FAE04EC0-301F-11D3-BF4B-00C04F79EFBC}") = "GTJA.Common.Data", "GTJA.Common.Data\GTJA.Common.Data.csproj", "{D04F34DB-C351-4A32-A17A-A637900FF4D1}"
EndProject
Project("{2150E333-8FDC-42A3-9474-1A3956D46DE8}") = "SystemManage", "SystemManage", "{C8D9C7D7-ED4A-4401-BE84-4AF6C719F1CE}"
EndProject
Project("{FAE04EC0-301F-11D3-BF4B-00C04F79EFBC}") = "GTJA.SystemManage.DAL", "GTJA.SystemManage.DAL\GTJA.SystemManage.DAL.csproj", "{E68D742D-2E59-4544-B07E-301D62D14078}"
EndProject
Project("{FAE04EC0-301F-11D3-BF4B-00C04F79EFBC}") = "GTJA.SystemManage.BLL", "GTJA.SystemManage.BLL\GTJA.SystemManage.BLL.csproj", "{018F67D0-4E25-4479-93D9-68C47706F685}"
EndProject
Project("{FAE04EC0-301F-11D3-BF4B-00C04F79EFBC}") = "GTJA.SystemManage.Model", "GTJA.SystemManage.Model\GTJA.SystemManage.Model.csproj", "{E1D16495-E8E9-4A70-90A3-003B8883F1BE}"
EndProject
Project("{FAE04EC0-301F-11D3-BF4B-00C04F79EFBC}") = "GTJA.SystemManage.Command", "GTJA.SystemManage.Command\GTJA.SystemManage.Command.csproj", "{FA4B9A4B-9BA0-4E85-B9DC-18EBD3EDF52E}"
EndProject
Project("{2150E333-8FDC-42A3-9474-1A3956D46DE8}") = "UI", "UI", "{3AA36EE4-7B0A-4B97-8A46-4F06F72F5648}"
EndProject
Project("{FAE04EC0-301F-11D3-BF4B-00C04F79EFBC}") = "GTJA.Web", "GTJA.Web\GTJA.Web.csproj", "{735AEC81-EFDC-46B5-A08A-B911E44A273E}"
EndProject
Project("{2150E333-8FDC-42A3-9474-1A3956D46DE8}") = "MemberManage", "MemberManage", "{DAC9D8B5-08A0-4BDD-9F02-1F64EE80AEA7}"
EndProject
Project("{FAE04EC0-301F-11D3-BF4B-00C04F79EFBC}") = "GTJA.SystemManage.AppModel", "GTJA.SystemManage.AppModel\GTJA.SystemManage.AppModel.csproj", "{63858FBE-CAD5-4027-B5C4-7EE3140F2A56}"
EndProject
Project("{FAE04EC0-301F-11D3-BF4B-00C04F79EFBC}") = "GTJA.Common.Interfaces", "GTJA.Common.Interfaces\GTJA.Common.Interfaces.csproj", "{12282B37-777F-492D-8342-DF797AB9ABD6}"
EndProject
Project("{FAE04EC0-301F-11D3-BF4B-00C04F79EFBC}") = "GTJA.MemberManage.Model", "GTJA.MemberManage.Model\GTJA.MemberManage.Model.csproj", "{1A8E844B-732B-40E0-8794-8C3CE8DB3231}"
EndProject
Project("{FAE04EC0-301F-11D3-BF4B-00C04F79EFBC}") = "GTJA.MemberManage.AppModel", "GTJA.MemberManage.AppModel\GTJA.MemberManage.AppModel.csproj", "{3EABBD8C-CB88-4481-B77F-7EAFA9C71910}"
EndProject
Project("{FAE04EC0-301F-11D3-BF4B-00C04F79EFBC}") = "GTJA.MemberManage.DAL", "GTJA.MemberManage.DAL\GTJA.MemberManage.DAL.csproj", "{FC60DB62-93A0-40B2-B386-80B93E8AF961}"
EndProject
Project("{FAE04EC0-301F-11D3-BF4B-00C04F79EFBC}") = "GTJA.MemberManage.BLL", "GTJA.MemberManage.BLL\GTJA.MemberManage.BLL.csproj", "{B7DD79B2-319F-4149-83AF-89BC9CDAA970}"
EndProject
Project("{FAE04EC0-301F-11D3-BF4B-00C04F79EFBC}") = "GTJA.MemberManage.Command", "GTJA.MemberManage.Command\GTJA.MemberManage.Command.csproj", "{346D1830-3CFB-43A0-B88C-4D4023FB6834}"
EndProject
Project("{2150E333-8FDC-42A3-9474-1A3956D46DE8}") = ".nuget", ".nuget", "{3C9192DC-F243-4B52-B9A0-5976841F0B72}"
	ProjectSection(SolutionItems) = preProject
		.nuget\NuGet.Config = .nuget\NuGet.Config
		.nuget\NuGet.exe = .nuget\NuGet.exe
		.nuget\NuGet.targets = .nuget\NuGet.targets
	EndProjectSection
EndProject
Project("{FAE04EC0-301F-11D3-BF4B-00C04F79EFBC}") = "GTJA.Web.Command", "GTJA.Web.Command\GTJA.Web.Command.csproj", "{93B6F5B7-5DE2-43A5-BDC1-A7E283C8D48B}"
EndProject
Project("{2150E333-8FDC-42A3-9474-1A3956D46DE8}") = "Tests", "Tests", "{B498C6DA-69E7-4EE3-92CA-86BF2C213B13}"
EndProject
Project("{FAE04EC0-301F-11D3-BF4B-00C04F79EFBC}") = "GTJA.MemberManage.DAL.Tests", "GTJA.MemberManage.DAL.Tests\GTJA.MemberManage.DAL.Tests.csproj", "{DE893C92-3BE4-4721-A173-F057DBCD7848}"
EndProject
Project("{FAE04EC0-301F-11D3-BF4B-00C04F79EFBC}") = "GTJA.MemberManage.Command.Tests", "GTJA.MemberManage.Command.Tests\GTJA.MemberManage.Command.Tests.csproj", "{28284993-091D-48BA-BE34-3ABFFA550C4A}"
EndProject
Project("{FAE04EC0-301F-11D3-BF4B-00C04F79EFBC}") = "GTJA.MemberManage.BLL.Tests", "GTJA.MemberManage.BLL.Tests\GTJA.MemberManage.BLL.Tests.csproj", "{BF81DF90-A39E-4955-AB30-EBBA0978D24D}"
EndProject
Project("{FAE04EC0-301F-11D3-BF4B-00C04F79EFBC}") = "GTJA.Common.Core.Tests", "GTJA.Common.Core.Tests\GTJA.Common.Core.Tests.csproj", "{7369D940-97D7-49C2-8C9A-114351D125B8}"
EndProject
Project("{FAE04EC0-301F-11D3-BF4B-00C04F79EFBC}") = "GTJA.Web.Command.Tests", "GTJA.Web.Command.Tests\GTJA.Web.Command.Tests.csproj", "{FB991540-0886-41F9-8486-572C455F2ABD}"
EndProject
Project("{FAE04EC0-301F-11D3-BF4B-00C04F79EFBC}") = "GTJA.SystemManage.Command.Tests", "GTJA.SystemManage.Command.Tests\GTJA.SystemManage.Command.Tests.csproj", "{AC27BD0E-63B1-4DAA-AAD3-9BB95E03E6AF}"
EndProject
Project("{FAE04EC0-301F-11D3-BF4B-00C04F79EFBC}") = "GTJA.SystemManage.BLL.Tests", "GTJA.SystemManage.BLL.Tests\GTJA.SystemManage.BLL.Tests.csproj", "{5F8779A0-3E00-40AE-821F-CA0511A1E9C2}"
EndProject
Project("{2150E333-8FDC-42A3-9474-1A3956D46DE8}") = "ChatRoom", "ChatRoom", "{EC32F553-B12F-4960-8ADB-549385E2CEF4}"
EndProject
Project("{FAE04EC0-301F-11D3-BF4B-00C04F79EFBC}") = "GTJA.ChatRoom.Server", "GTJA.ChatRoom.Server\GTJA.ChatRoom.Server.csproj", "{4022174E-8278-47B8-B01A-E3558BDAA08D}"
EndProject
Project("{FAE04EC0-301F-11D3-BF4B-00C04F79EFBC}") = "GTJA.ChatRoom.Web.Test", "GTJA.ChatRoom.Web\GTJA.ChatRoom.Web.Test.csproj", "{6C989554-7AF5-4941-8077-D6C32DFAA995}"
EndProject
Project("{FAE04EC0-301F-11D3-BF4B-00C04F79EFBC}") = "GTJA.MemberManage.DataImport", "GTJA.MemberManage.DataImport\GTJA.MemberManage.DataImport.csproj", "{943426AC-D93D-4703-84FB-EC56F1960E24}"
EndProject
Global
	GlobalSection(SolutionConfigurationPlatforms) = preSolution
		Debug|Any CPU = Debug|Any CPU
		Release|Any CPU = Release|Any CPU
	EndGlobalSection
	GlobalSection(ProjectConfigurationPlatforms) = postSolution
		{8B85AFB2-AC1E-4ABF-BCF6-D6A57987D374}.Debug|Any CPU.ActiveCfg = Debug|Any CPU
		{8B85AFB2-AC1E-4ABF-BCF6-D6A57987D374}.Debug|Any CPU.Build.0 = Debug|Any CPU
		{8B85AFB2-AC1E-4ABF-BCF6-D6A57987D374}.Release|Any CPU.ActiveCfg = Release|Any CPU
		{8B85AFB2-AC1E-4ABF-BCF6-D6A57987D374}.Release|Any CPU.Build.0 = Release|Any CPU
		{D04F34DB-C351-4A32-A17A-A637900FF4D1}.Debug|Any CPU.ActiveCfg = Debug|Any CPU
		{D04F34DB-C351-4A32-A17A-A637900FF4D1}.Debug|Any CPU.Build.0 = Debug|Any CPU
		{D04F34DB-C351-4A32-A17A-A637900FF4D1}.Release|Any CPU.ActiveCfg = Release|Any CPU
		{D04F34DB-C351-4A32-A17A-A637900FF4D1}.Release|Any CPU.Build.0 = Release|Any CPU
		{E68D742D-2E59-4544-B07E-301D62D14078}.Debug|Any CPU.ActiveCfg = Debug|Any CPU
		{E68D742D-2E59-4544-B07E-301D62D14078}.Debug|Any CPU.Build.0 = Debug|Any CPU
		{E68D742D-2E59-4544-B07E-301D62D14078}.Release|Any CPU.ActiveCfg = Release|Any CPU
		{E68D742D-2E59-4544-B07E-301D62D14078}.Release|Any CPU.Build.0 = Release|Any CPU
		{018F67D0-4E25-4479-93D9-68C47706F685}.Debug|Any CPU.ActiveCfg = Debug|Any CPU
		{018F67D0-4E25-4479-93D9-68C47706F685}.Debug|Any CPU.Build.0 = Debug|Any CPU
		{018F67D0-4E25-4479-93D9-68C47706F685}.Release|Any CPU.ActiveCfg = Release|Any CPU
		{018F67D0-4E25-4479-93D9-68C47706F685}.Release|Any CPU.Build.0 = Release|Any CPU
		{E1D16495-E8E9-4A70-90A3-003B8883F1BE}.Debug|Any CPU.ActiveCfg = Debug|Any CPU
		{E1D16495-E8E9-4A70-90A3-003B8883F1BE}.Debug|Any CPU.Build.0 = Debug|Any CPU
		{E1D16495-E8E9-4A70-90A3-003B8883F1BE}.Release|Any CPU.ActiveCfg = Release|Any CPU
		{E1D16495-E8E9-4A70-90A3-003B8883F1BE}.Release|Any CPU.Build.0 = Release|Any CPU
		{FA4B9A4B-9BA0-4E85-B9DC-18EBD3EDF52E}.Debug|Any CPU.ActiveCfg = Debug|Any CPU
		{FA4B9A4B-9BA0-4E85-B9DC-18EBD3EDF52E}.Debug|Any CPU.Build.0 = Debug|Any CPU
		{FA4B9A4B-9BA0-4E85-B9DC-18EBD3EDF52E}.Release|Any CPU.ActiveCfg = Release|Any CPU
		{FA4B9A4B-9BA0-4E85-B9DC-18EBD3EDF52E}.Release|Any CPU.Build.0 = Release|Any CPU
		{735AEC81-EFDC-46B5-A08A-B911E44A273E}.Debug|Any CPU.ActiveCfg = Debug|Any CPU
		{735AEC81-EFDC-46B5-A08A-B911E44A273E}.Debug|Any CPU.Build.0 = Debug|Any CPU
		{735AEC81-EFDC-46B5-A08A-B911E44A273E}.Release|Any CPU.ActiveCfg = Release|Any CPU
		{735AEC81-EFDC-46B5-A08A-B911E44A273E}.Release|Any CPU.Build.0 = Release|Any CPU
		{63858FBE-CAD5-4027-B5C4-7EE3140F2A56}.Debug|Any CPU.ActiveCfg = Debug|Any CPU
		{63858FBE-CAD5-4027-B5C4-7EE3140F2A56}.Debug|Any CPU.Build.0 = Debug|Any CPU
		{63858FBE-CAD5-4027-B5C4-7EE3140F2A56}.Release|Any CPU.ActiveCfg = Release|Any CPU
		{63858FBE-CAD5-4027-B5C4-7EE3140F2A56}.Release|Any CPU.Build.0 = Release|Any CPU
		{12282B37-777F-492D-8342-DF797AB9ABD6}.Debug|Any CPU.ActiveCfg = Debug|Any CPU
		{12282B37-777F-492D-8342-DF797AB9ABD6}.Debug|Any CPU.Build.0 = Debug|Any CPU
		{12282B37-777F-492D-8342-DF797AB9ABD6}.Release|Any CPU.ActiveCfg = Release|Any CPU
		{12282B37-777F-492D-8342-DF797AB9ABD6}.Release|Any CPU.Build.0 = Release|Any CPU
		{1A8E844B-732B-40E0-8794-8C3CE8DB3231}.Debug|Any CPU.ActiveCfg = Debug|Any CPU
		{1A8E844B-732B-40E0-8794-8C3CE8DB3231}.Debug|Any CPU.Build.0 = Debug|Any CPU
		{1A8E844B-732B-40E0-8794-8C3CE8DB3231}.Release|Any CPU.ActiveCfg = Release|Any CPU
		{1A8E844B-732B-40E0-8794-8C3CE8DB3231}.Release|Any CPU.Build.0 = Release|Any CPU
		{3EABBD8C-CB88-4481-B77F-7EAFA9C71910}.Debug|Any CPU.ActiveCfg = Debug|Any CPU
		{3EABBD8C-CB88-4481-B77F-7EAFA9C71910}.Debug|Any CPU.Build.0 = Debug|Any CPU
		{3EABBD8C-CB88-4481-B77F-7EAFA9C71910}.Release|Any CPU.ActiveCfg = Release|Any CPU
		{3EABBD8C-CB88-4481-B77F-7EAFA9C71910}.Release|Any CPU.Build.0 = Release|Any CPU
		{FC60DB62-93A0-40B2-B386-80B93E8AF961}.Debug|Any CPU.ActiveCfg = Debug|Any CPU
		{FC60DB62-93A0-40B2-B386-80B93E8AF961}.Debug|Any CPU.Build.0 = Debug|Any CPU
		{FC60DB62-93A0-40B2-B386-80B93E8AF961}.Release|Any CPU.ActiveCfg = Release|Any CPU
		{FC60DB62-93A0-40B2-B386-80B93E8AF961}.Release|Any CPU.Build.0 = Release|Any CPU
		{B7DD79B2-319F-4149-83AF-89BC9CDAA970}.Debug|Any CPU.ActiveCfg = Debug|Any CPU
		{B7DD79B2-319F-4149-83AF-89BC9CDAA970}.Debug|Any CPU.Build.0 = Debug|Any CPU
		{B7DD79B2-319F-4149-83AF-89BC9CDAA970}.Release|Any CPU.ActiveCfg = Release|Any CPU
		{B7DD79B2-319F-4149-83AF-89BC9CDAA970}.Release|Any CPU.Build.0 = Release|Any CPU
		{346D1830-3CFB-43A0-B88C-4D4023FB6834}.Debug|Any CPU.ActiveCfg = Debug|Any CPU
		{346D1830-3CFB-43A0-B88C-4D4023FB6834}.Debug|Any CPU.Build.0 = Debug|Any CPU
		{346D1830-3CFB-43A0-B88C-4D4023FB6834}.Release|Any CPU.ActiveCfg = Release|Any CPU
		{346D1830-3CFB-43A0-B88C-4D4023FB6834}.Release|Any CPU.Build.0 = Release|Any CPU
		{93B6F5B7-5DE2-43A5-BDC1-A7E283C8D48B}.Debug|Any CPU.ActiveCfg = Debug|Any CPU
		{93B6F5B7-5DE2-43A5-BDC1-A7E283C8D48B}.Debug|Any CPU.Build.0 = Debug|Any CPU
		{93B6F5B7-5DE2-43A5-BDC1-A7E283C8D48B}.Release|Any CPU.ActiveCfg = Release|Any CPU
		{93B6F5B7-5DE2-43A5-BDC1-A7E283C8D48B}.Release|Any CPU.Build.0 = Release|Any CPU
		{DE893C92-3BE4-4721-A173-F057DBCD7848}.Debug|Any CPU.ActiveCfg = Debug|Any CPU
		{DE893C92-3BE4-4721-A173-F057DBCD7848}.Debug|Any CPU.Build.0 = Debug|Any CPU
		{DE893C92-3BE4-4721-A173-F057DBCD7848}.Release|Any CPU.ActiveCfg = Release|Any CPU
		{DE893C92-3BE4-4721-A173-F057DBCD7848}.Release|Any CPU.Build.0 = Release|Any CPU
		{28284993-091D-48BA-BE34-3ABFFA550C4A}.Debug|Any CPU.ActiveCfg = Debug|Any CPU
		{28284993-091D-48BA-BE34-3ABFFA550C4A}.Debug|Any CPU.Build.0 = Debug|Any CPU
		{28284993-091D-48BA-BE34-3ABFFA550C4A}.Release|Any CPU.ActiveCfg = Release|Any CPU
		{28284993-091D-48BA-BE34-3ABFFA550C4A}.Release|Any CPU.Build.0 = Release|Any CPU
		{BF81DF90-A39E-4955-AB30-EBBA0978D24D}.Debug|Any CPU.ActiveCfg = Debug|Any CPU
		{BF81DF90-A39E-4955-AB30-EBBA0978D24D}.Debug|Any CPU.Build.0 = Debug|Any CPU
		{BF81DF90-A39E-4955-AB30-EBBA0978D24D}.Release|Any CPU.ActiveCfg = Release|Any CPU
		{BF81DF90-A39E-4955-AB30-EBBA0978D24D}.Release|Any CPU.Build.0 = Release|Any CPU
		{7369D940-97D7-49C2-8C9A-114351D125B8}.Debug|Any CPU.ActiveCfg = Debug|Any CPU
		{7369D940-97D7-49C2-8C9A-114351D125B8}.Debug|Any CPU.Build.0 = Debug|Any CPU
		{7369D940-97D7-49C2-8C9A-114351D125B8}.Release|Any CPU.ActiveCfg = Release|Any CPU
		{7369D940-97D7-49C2-8C9A-114351D125B8}.Release|Any CPU.Build.0 = Release|Any CPU
		{FB991540-0886-41F9-8486-572C455F2ABD}.Debug|Any CPU.ActiveCfg = Debug|Any CPU
		{FB991540-0886-41F9-8486-572C455F2ABD}.Debug|Any CPU.Build.0 = Debug|Any CPU
		{FB991540-0886-41F9-8486-572C455F2ABD}.Release|Any CPU.ActiveCfg = Release|Any CPU
		{FB991540-0886-41F9-8486-572C455F2ABD}.Release|Any CPU.Build.0 = Release|Any CPU
		{AC27BD0E-63B1-4DAA-AAD3-9BB95E03E6AF}.Debug|Any CPU.ActiveCfg = Debug|Any CPU
		{AC27BD0E-63B1-4DAA-AAD3-9BB95E03E6AF}.Debug|Any CPU.Build.0 = Debug|Any CPU
		{AC27BD0E-63B1-4DAA-AAD3-9BB95E03E6AF}.Release|Any CPU.ActiveCfg = Release|Any CPU
		{AC27BD0E-63B1-4DAA-AAD3-9BB95E03E6AF}.Release|Any CPU.Build.0 = Release|Any CPU
		{5F8779A0-3E00-40AE-821F-CA0511A1E9C2}.Debug|Any CPU.ActiveCfg = Debug|Any CPU
		{5F8779A0-3E00-40AE-821F-CA0511A1E9C2}.Debug|Any CPU.Build.0 = Debug|Any CPU
		{5F8779A0-3E00-40AE-821F-CA0511A1E9C2}.Release|Any CPU.ActiveCfg = Release|Any CPU
		{5F8779A0-3E00-40AE-821F-CA0511A1E9C2}.Release|Any CPU.Build.0 = Release|Any CPU
		{4022174E-8278-47B8-B01A-E3558BDAA08D}.Debug|Any CPU.ActiveCfg = Debug|Any CPU
		{4022174E-8278-47B8-B01A-E3558BDAA08D}.Debug|Any CPU.Build.0 = Debug|Any CPU
		{4022174E-8278-47B8-B01A-E3558BDAA08D}.Release|Any CPU.ActiveCfg = Release|Any CPU
		{4022174E-8278-47B8-B01A-E3558BDAA08D}.Release|Any CPU.Build.0 = Release|Any CPU
		{6C989554-7AF5-4941-8077-D6C32DFAA995}.Debug|Any CPU.ActiveCfg = Debug|Any CPU
		{6C989554-7AF5-4941-8077-D6C32DFAA995}.Debug|Any CPU.Build.0 = Debug|Any CPU
		{6C989554-7AF5-4941-8077-D6C32DFAA995}.Release|Any CPU.ActiveCfg = Release|Any CPU
		{6C989554-7AF5-4941-8077-D6C32DFAA995}.Release|Any CPU.Build.0 = Release|Any CPU
		{943426AC-D93D-4703-84FB-EC56F1960E24}.Debug|Any CPU.ActiveCfg = Debug|Any CPU
		{943426AC-D93D-4703-84FB-EC56F1960E24}.Debug|Any CPU.Build.0 = Debug|Any CPU
		{943426AC-D93D-4703-84FB-EC56F1960E24}.Release|Any CPU.ActiveCfg = Release|Any CPU
		{943426AC-D93D-4703-84FB-EC56F1960E24}.Release|Any CPU.Build.0 = Release|Any CPU
	EndGlobalSection
	GlobalSection(SolutionProperties) = preSolution
		HideSolutionNode = FALSE
	EndGlobalSection
	GlobalSection(NestedProjects) = preSolution
		{8B85AFB2-AC1E-4ABF-BCF6-D6A57987D374} = {293E145C-9E83-465B-91C1-C50E19EE101E}
		{D04F34DB-C351-4A32-A17A-A637900FF4D1} = {293E145C-9E83-465B-91C1-C50E19EE101E}
		{12282B37-777F-492D-8342-DF797AB9ABD6} = {293E145C-9E83-465B-91C1-C50E19EE101E}
		{E68D742D-2E59-4544-B07E-301D62D14078} = {C8D9C7D7-ED4A-4401-BE84-4AF6C719F1CE}
		{018F67D0-4E25-4479-93D9-68C47706F685} = {C8D9C7D7-ED4A-4401-BE84-4AF6C719F1CE}
		{E1D16495-E8E9-4A70-90A3-003B8883F1BE} = {C8D9C7D7-ED4A-4401-BE84-4AF6C719F1CE}
		{FA4B9A4B-9BA0-4E85-B9DC-18EBD3EDF52E} = {C8D9C7D7-ED4A-4401-BE84-4AF6C719F1CE}
		{63858FBE-CAD5-4027-B5C4-7EE3140F2A56} = {C8D9C7D7-ED4A-4401-BE84-4AF6C719F1CE}
		{735AEC81-EFDC-46B5-A08A-B911E44A273E} = {3AA36EE4-7B0A-4B97-8A46-4F06F72F5648}
		{93B6F5B7-5DE2-43A5-BDC1-A7E283C8D48B} = {3AA36EE4-7B0A-4B97-8A46-4F06F72F5648}
		{1A8E844B-732B-40E0-8794-8C3CE8DB3231} = {DAC9D8B5-08A0-4BDD-9F02-1F64EE80AEA7}
		{3EABBD8C-CB88-4481-B77F-7EAFA9C71910} = {DAC9D8B5-08A0-4BDD-9F02-1F64EE80AEA7}
		{FC60DB62-93A0-40B2-B386-80B93E8AF961} = {DAC9D8B5-08A0-4BDD-9F02-1F64EE80AEA7}
		{B7DD79B2-319F-4149-83AF-89BC9CDAA970} = {DAC9D8B5-08A0-4BDD-9F02-1F64EE80AEA7}
		{346D1830-3CFB-43A0-B88C-4D4023FB6834} = {DAC9D8B5-08A0-4BDD-9F02-1F64EE80AEA7}
		{943426AC-D93D-4703-84FB-EC56F1960E24} = {DAC9D8B5-08A0-4BDD-9F02-1F64EE80AEA7}
		{DE893C92-3BE4-4721-A173-F057DBCD7848} = {B498C6DA-69E7-4EE3-92CA-86BF2C213B13}
		{28284993-091D-48BA-BE34-3ABFFA550C4A} = {B498C6DA-69E7-4EE3-92CA-86BF2C213B13}
		{BF81DF90-A39E-4955-AB30-EBBA0978D24D} = {B498C6DA-69E7-4EE3-92CA-86BF2C213B13}
		{7369D940-97D7-49C2-8C9A-114351D125B8} = {B498C6DA-69E7-4EE3-92CA-86BF2C213B13}
		{FB991540-0886-41F9-8486-572C455F2ABD} = {B498C6DA-69E7-4EE3-92CA-86BF2C213B13}
		{AC27BD0E-63B1-4DAA-AAD3-9BB95E03E6AF} = {B498C6DA-69E7-4EE3-92CA-86BF2C213B13}
		{5F8779A0-3E00-40AE-821F-CA0511A1E9C2} = {B498C6DA-69E7-4EE3-92CA-86BF2C213B13}
		{4022174E-8278-47B8-B01A-E3558BDAA08D} = {EC32F553-B12F-4960-8ADB-549385E2CEF4}
		{6C989554-7AF5-4941-8077-D6C32DFAA995} = {EC32F553-B12F-4960-8ADB-549385E2CEF4}
	EndGlobalSection
EndGlobal
